
Microsoft Visual Studio Solution File, Format Version 12.00
# Visual Studio Version 17
VisualStudioVersion = 17.10.35027.167
MinimumVisualStudioVersion = 10.0.40219.1
Project("{FAE04EC0-301F-11D3-BF4B-00C04F79EFBC}") = "aprendendoCsharp", "aprendendoCsharp\aprendendoCsharp.csproj", "{A0C307D2-D0F4-4492-94B2-D360E0E18B66}"
EndProject
Project("{FAE04EC0-301F-11D3-BF4B-00C04F79EFBC}") = "Cap02_Ex01", "Cap02_Ex01\Cap02_Ex01.csproj", "{8C4F1D42-3FF8-4343-A74E-FEF0518F2E43}"
EndProject
Project("{FAE04EC0-301F-11D3-BF4B-00C04F79EFBC}") = "Cap02_Ex2", "Cap02_Ex2\Cap02_Ex2.csproj", "{94BB8064-5B20-4DAF-ADC9-FB253FDA873A}"
EndProject
Project("{FAE04EC0-301F-11D3-BF4B-00C04F79EFBC}") = "Cap02_Ex03", "Cap02_Ex03\Cap02_Ex03.csproj", "{4D2F9EEA-A153-42F3-A316-57FB61CB2611}"
EndProject
Project("{FAE04EC0-301F-11D3-BF4B-00C04F79EFBC}") = "Cap03_Ex1", "Cap03_Ex1\Cap03_Ex1.csproj", "{D2502C73-3D80-4CD0-97FD-1BFC1887267C}"
EndProject
Project("{FAE04EC0-301F-11D3-BF4B-00C04F79EFBC}") = "Cap3_Ex2", "Cap3_Ex2\Cap3_Ex2.csproj", "{C75092E8-3B94-4D11-9A97-7E1EF5414A6B}"
EndProject
Project("{FAE04EC0-301F-11D3-BF4B-00C04F79EFBC}") = "Cap3_Ex03", "Cap3_Ex03\Cap3_Ex03.csproj", "{B35BC242-DF2B-4E8F-BEC5-754B1CB5F086}"
EndProject
Project("{FAE04EC0-301F-11D3-BF4B-00C04F79EFBC}") = "Cap3_Ex4", "Cap3_Ex4\Cap3_Ex4.csproj", "{2027F8D8-5114-4248-8F91-E900C6D6BD20}"
EndProject
Project("{FAE04EC0-301F-11D3-BF4B-00C04F79EFBC}") = "Cap3_Ex5", "Cap3_Ex5\Cap3_Ex5.csproj", "{B881E470-C19B-42B5-BDA1-1B880C4DE408}"
EndProject
Project("{FAE04EC0-301F-11D3-BF4B-00C04F79EFBC}") = "Cap3_Ex6", "Cap3_Ex6\Cap3_Ex6.csproj", "{9FB06BB9-CCEC-4EED-A655-575E87E06387}"
EndProject
Project("{FAE04EC0-301F-11D3-BF4B-00C04F79EFBC}") = "Cap3_Ex7", "Cap3_Ex7\Cap3_Ex7.csproj", "{547AA4E4-C3D6-4F1F-8E69-EAE8AC05804F}"
EndProject
Project("{FAE04EC0-301F-11D3-BF4B-00C04F79EFBC}") = "Cap3_Ex8", "Cap3_Ex8\Cap3_Ex8.csproj", "{9920E311-085A-4752-BB60-D1BAB00A2174}"
EndProject
Project("{FAE04EC0-301F-11D3-BF4B-00C04F79EFBC}") = "Cap3_Ex9", "Cap3_Ex9\Cap3_Ex9.csproj", "{84AFC78A-0881-4DC8-9EA7-84A5493F8F94}"
EndProject
Project("{FAE04EC0-301F-11D3-BF4B-00C04F79EFBC}") = "Cap3_Ex10", "Cap3_Ex10\Cap3_Ex10.csproj", "{9D2CA7FE-DE95-482A-871B-AB75F4174A5E}"
EndProject
Project("{FAE04EC0-301F-11D3-BF4B-00C04F79EFBC}") = "Cap3_Ex11", "Cap3_Ex11\Cap3_Ex11.csproj", "{34D003ED-4E5A-4A7C-88A4-1AA4A0771238}"
EndProject
Project("{FAE04EC0-301F-11D3-BF4B-00C04F79EFBC}") = "Cap3_Ex12", "Cap3_Ex12\Cap3_Ex12.csproj", "{6F6119B3-C754-4EA3-857C-BED2D7873353}"
EndProject
Project("{FAE04EC0-301F-11D3-BF4B-00C04F79EFBC}") = "Cap3_Ex13", "Cap3_Ex13\Cap3_Ex13.csproj", "{35503B30-BA27-4358-8FCA-5486BCB101A4}"
EndProject
Project("{FAE04EC0-301F-11D3-BF4B-00C04F79EFBC}") = "Cap3_Ex14", "Cap3_Ex14\Cap3_Ex14.csproj", "{FD241D33-DCE4-4318-AB29-B8B90065DDA3}"
EndProject
Project("{FAE04EC0-301F-11D3-BF4B-00C04F79EFBC}") = "Cap3_Ex15", "Cap3_Ex15\Cap3_Ex15.csproj", "{B9C9B6F8-A25A-43FB-80A1-BFA17F0ABCC1}"
EndProject
Project("{FAE04EC0-301F-11D3-BF4B-00C04F79EFBC}") = "Area_Testes", "Area_Testes\Area_Testes.csproj", "{896D0449-3CC1-4DB7-B8FC-23335523C555}"
EndProject
Project("{2150E333-8FDC-42A3-9474-1A3956D46DE8}") = "Anotações", "Anotações", "{1F9BA4EE-8D6C-4D1F-8BDB-C370A966246A}"
	ProjectSection(SolutionItems) = preProject
		Readme.txt = Readme.txt
	EndProjectSection
EndProject
Project("{FAE04EC0-301F-11D3-BF4B-00C04F79EFBC}") = "Cao04_Ex01", "Cao04_Ex01\Cao04_Ex01.csproj", "{26DDDF9F-7067-4E43-ACA3-86A2879F76FE}"
EndProject
Project("{FAE04EC0-301F-11D3-BF4B-00C04F79EFBC}") = "Cap04_Ex02", "Cap04_Ex02\Cap04_Ex02.csproj", "{B02CA7F5-FB05-4A2A-9FAA-63D7D16A144C}"
EndProject
Project("{FAE04EC0-301F-11D3-BF4B-00C04F79EFBC}") = "Cap04_Ex03", "Cap04_Ex03\Cap04_Ex03.csproj", "{61F466FF-4D13-4BD2-8160-255D3703A09E}"
EndProject
Project("{FAE04EC0-301F-11D3-BF4B-00C04F79EFBC}") = "Cap04_Ex05", "Cap04_Ex05\Cap04_Ex05.csproj", "{260C236E-2DB6-49F5-86CD-54E3C55192FD}"
EndProject
Project("{FAE04EC0-301F-11D3-BF4B-00C04F79EFBC}") = "Cap04_Ex04", "Cap04_Ex04\Cap04_Ex04.csproj", "{AA1E83CD-4905-4259-BE5E-C3DA55D67AF1}"
EndProject
Project("{FAE04EC0-301F-11D3-BF4B-00C04F79EFBC}") = "Cap04_Ex06", "Cap04_Ex06\Cap04_Ex06.csproj", "{813E492E-3E9B-4F51-99E9-93BD8646ADDA}"
EndProject
Project("{FAE04EC0-301F-11D3-BF4B-00C04F79EFBC}") = "Cap04_Ex07", "Cap04_Ex07\Cap04_Ex07.csproj", "{3823C5C5-F961-4818-BF06-CD68B8512150}"
EndProject
Project("{FAE04EC0-301F-11D3-BF4B-00C04F79EFBC}") = "Cap04_Ex08", "Cap04_Ex08\Cap04_Ex08.csproj", "{A4CFC9AC-225C-4CA0-BF2B-AEA61D987975}"
EndProject
Project("{FAE04EC0-301F-11D3-BF4B-00C04F79EFBC}") = "Cap04_Ex09", "Cap04_Ex09\Cap04_Ex09.csproj", "{50BE1C8D-D14D-443D-A3FA-16918C0AC2A1}"
EndProject
Project("{FAE04EC0-301F-11D3-BF4B-00C04F79EFBC}") = "Cap04_Ex10", "Cap04_Ex10\Cap04_Ex10.csproj", "{FB12D049-48A8-424D-B569-17CE6A998598}"
EndProject
Global
	GlobalSection(SolutionConfigurationPlatforms) = preSolution
		Debug|Any CPU = Debug|Any CPU
		Release|Any CPU = Release|Any CPU
	EndGlobalSection
	GlobalSection(ProjectConfigurationPlatforms) = postSolution
		{A0C307D2-D0F4-4492-94B2-D360E0E18B66}.Debug|Any CPU.ActiveCfg = Debug|Any CPU
		{A0C307D2-D0F4-4492-94B2-D360E0E18B66}.Debug|Any CPU.Build.0 = Debug|Any CPU
		{A0C307D2-D0F4-4492-94B2-D360E0E18B66}.Release|Any CPU.ActiveCfg = Release|Any CPU
		{A0C307D2-D0F4-4492-94B2-D360E0E18B66}.Release|Any CPU.Build.0 = Release|Any CPU
		{8C4F1D42-3FF8-4343-A74E-FEF0518F2E43}.Debug|Any CPU.ActiveCfg = Debug|Any CPU
		{8C4F1D42-3FF8-4343-A74E-FEF0518F2E43}.Debug|Any CPU.Build.0 = Debug|Any CPU
		{8C4F1D42-3FF8-4343-A74E-FEF0518F2E43}.Release|Any CPU.ActiveCfg = Release|Any CPU
		{8C4F1D42-3FF8-4343-A74E-FEF0518F2E43}.Release|Any CPU.Build.0 = Release|Any CPU
		{94BB8064-5B20-4DAF-ADC9-FB253FDA873A}.Debug|Any CPU.ActiveCfg = Debug|Any CPU
		{94BB8064-5B20-4DAF-ADC9-FB253FDA873A}.Debug|Any CPU.Build.0 = Debug|Any CPU
		{94BB8064-5B20-4DAF-ADC9-FB253FDA873A}.Release|Any CPU.ActiveCfg = Release|Any CPU
		{94BB8064-5B20-4DAF-ADC9-FB253FDA873A}.Release|Any CPU.Build.0 = Release|Any CPU
		{4D2F9EEA-A153-42F3-A316-57FB61CB2611}.Debug|Any CPU.ActiveCfg = Debug|Any CPU
		{4D2F9EEA-A153-42F3-A316-57FB61CB2611}.Debug|Any CPU.Build.0 = Debug|Any CPU
		{4D2F9EEA-A153-42F3-A316-57FB61CB2611}.Release|Any CPU.ActiveCfg = Release|Any CPU
		{4D2F9EEA-A153-42F3-A316-57FB61CB2611}.Release|Any CPU.Build.0 = Release|Any CPU
		{D2502C73-3D80-4CD0-97FD-1BFC1887267C}.Debug|Any CPU.ActiveCfg = Debug|Any CPU
		{D2502C73-3D80-4CD0-97FD-1BFC1887267C}.Debug|Any CPU.Build.0 = Debug|Any CPU
		{D2502C73-3D80-4CD0-97FD-1BFC1887267C}.Release|Any CPU.ActiveCfg = Release|Any CPU
		{D2502C73-3D80-4CD0-97FD-1BFC1887267C}.Release|Any CPU.Build.0 = Release|Any CPU
		{C75092E8-3B94-4D11-9A97-7E1EF5414A6B}.Debug|Any CPU.ActiveCfg = Debug|Any CPU
		{C75092E8-3B94-4D11-9A97-7E1EF5414A6B}.Debug|Any CPU.Build.0 = Debug|Any CPU
		{C75092E8-3B94-4D11-9A97-7E1EF5414A6B}.Release|Any CPU.ActiveCfg = Release|Any CPU
		{C75092E8-3B94-4D11-9A97-7E1EF5414A6B}.Release|Any CPU.Build.0 = Release|Any CPU
		{B35BC242-DF2B-4E8F-BEC5-754B1CB5F086}.Debug|Any CPU.ActiveCfg = Debug|Any CPU
		{B35BC242-DF2B-4E8F-BEC5-754B1CB5F086}.Debug|Any CPU.Build.0 = Debug|Any CPU
		{B35BC242-DF2B-4E8F-BEC5-754B1CB5F086}.Release|Any CPU.ActiveCfg = Release|Any CPU
		{B35BC242-DF2B-4E8F-BEC5-754B1CB5F086}.Release|Any CPU.Build.0 = Release|Any CPU
		{2027F8D8-5114-4248-8F91-E900C6D6BD20}.Debug|Any CPU.ActiveCfg = Debug|Any CPU
		{2027F8D8-5114-4248-8F91-E900C6D6BD20}.Debug|Any CPU.Build.0 = Debug|Any CPU
		{2027F8D8-5114-4248-8F91-E900C6D6BD20}.Release|Any CPU.ActiveCfg = Release|Any CPU
		{2027F8D8-5114-4248-8F91-E900C6D6BD20}.Release|Any CPU.Build.0 = Release|Any CPU
		{B881E470-C19B-42B5-BDA1-1B880C4DE408}.Debug|Any CPU.ActiveCfg = Debug|Any CPU
		{B881E470-C19B-42B5-BDA1-1B880C4DE408}.Debug|Any CPU.Build.0 = Debug|Any CPU
		{B881E470-C19B-42B5-BDA1-1B880C4DE408}.Release|Any CPU.ActiveCfg = Release|Any CPU
		{B881E470-C19B-42B5-BDA1-1B880C4DE408}.Release|Any CPU.Build.0 = Release|Any CPU
		{9FB06BB9-CCEC-4EED-A655-575E87E06387}.Debug|Any CPU.ActiveCfg = Debug|Any CPU
		{9FB06BB9-CCEC-4EED-A655-575E87E06387}.Debug|Any CPU.Build.0 = Debug|Any CPU
		{9FB06BB9-CCEC-4EED-A655-575E87E06387}.Release|Any CPU.ActiveCfg = Release|Any CPU
		{9FB06BB9-CCEC-4EED-A655-575E87E06387}.Release|Any CPU.Build.0 = Release|Any CPU
		{547AA4E4-C3D6-4F1F-8E69-EAE8AC05804F}.Debug|Any CPU.ActiveCfg = Debug|Any CPU
		{547AA4E4-C3D6-4F1F-8E69-EAE8AC05804F}.Debug|Any CPU.Build.0 = Debug|Any CPU
		{547AA4E4-C3D6-4F1F-8E69-EAE8AC05804F}.Release|Any CPU.ActiveCfg = Release|Any CPU
		{547AA4E4-C3D6-4F1F-8E69-EAE8AC05804F}.Release|Any CPU.Build.0 = Release|Any CPU
		{9920E311-085A-4752-BB60-D1BAB00A2174}.Debug|Any CPU.ActiveCfg = Debug|Any CPU
		{9920E311-085A-4752-BB60-D1BAB00A2174}.Debug|Any CPU.Build.0 = Debug|Any CPU
		{9920E311-085A-4752-BB60-D1BAB00A2174}.Release|Any CPU.ActiveCfg = Release|Any CPU
		{9920E311-085A-4752-BB60-D1BAB00A2174}.Release|Any CPU.Build.0 = Release|Any CPU
		{84AFC78A-0881-4DC8-9EA7-84A5493F8F94}.Debug|Any CPU.ActiveCfg = Debug|Any CPU
		{84AFC78A-0881-4DC8-9EA7-84A5493F8F94}.Debug|Any CPU.Build.0 = Debug|Any CPU
		{84AFC78A-0881-4DC8-9EA7-84A5493F8F94}.Release|Any CPU.ActiveCfg = Release|Any CPU
		{84AFC78A-0881-4DC8-9EA7-84A5493F8F94}.Release|Any CPU.Build.0 = Release|Any CPU
		{9D2CA7FE-DE95-482A-871B-AB75F4174A5E}.Debug|Any CPU.ActiveCfg = Debug|Any CPU
		{9D2CA7FE-DE95-482A-871B-AB75F4174A5E}.Debug|Any CPU.Build.0 = Debug|Any CPU
		{9D2CA7FE-DE95-482A-871B-AB75F4174A5E}.Release|Any CPU.ActiveCfg = Release|Any CPU
		{9D2CA7FE-DE95-482A-871B-AB75F4174A5E}.Release|Any CPU.Build.0 = Release|Any CPU
		{34D003ED-4E5A-4A7C-88A4-1AA4A0771238}.Debug|Any CPU.ActiveCfg = Debug|Any CPU
		{34D003ED-4E5A-4A7C-88A4-1AA4A0771238}.Debug|Any CPU.Build.0 = Debug|Any CPU
		{34D003ED-4E5A-4A7C-88A4-1AA4A0771238}.Release|Any CPU.ActiveCfg = Release|Any CPU
		{34D003ED-4E5A-4A7C-88A4-1AA4A0771238}.Release|Any CPU.Build.0 = Release|Any CPU
		{6F6119B3-C754-4EA3-857C-BED2D7873353}.Debug|Any CPU.ActiveCfg = Debug|Any CPU
		{6F6119B3-C754-4EA3-857C-BED2D7873353}.Debug|Any CPU.Build.0 = Debug|Any CPU
		{6F6119B3-C754-4EA3-857C-BED2D7873353}.Release|Any CPU.ActiveCfg = Release|Any CPU
		{6F6119B3-C754-4EA3-857C-BED2D7873353}.Release|Any CPU.Build.0 = Release|Any CPU
		{35503B30-BA27-4358-8FCA-5486BCB101A4}.Debug|Any CPU.ActiveCfg = Debug|Any CPU
		{35503B30-BA27-4358-8FCA-5486BCB101A4}.Debug|Any CPU.Build.0 = Debug|Any CPU
		{35503B30-BA27-4358-8FCA-5486BCB101A4}.Release|Any CPU.ActiveCfg = Release|Any CPU
		{35503B30-BA27-4358-8FCA-5486BCB101A4}.Release|Any CPU.Build.0 = Release|Any CPU
		{FD241D33-DCE4-4318-AB29-B8B90065DDA3}.Debug|Any CPU.ActiveCfg = Debug|Any CPU
		{FD241D33-DCE4-4318-AB29-B8B90065DDA3}.Debug|Any CPU.Build.0 = Debug|Any CPU
		{FD241D33-DCE4-4318-AB29-B8B90065DDA3}.Release|Any CPU.ActiveCfg = Release|Any CPU
		{FD241D33-DCE4-4318-AB29-B8B90065DDA3}.Release|Any CPU.Build.0 = Release|Any CPU
		{B9C9B6F8-A25A-43FB-80A1-BFA17F0ABCC1}.Debug|Any CPU.ActiveCfg = Debug|Any CPU
		{B9C9B6F8-A25A-43FB-80A1-BFA17F0ABCC1}.Debug|Any CPU.Build.0 = Debug|Any CPU
		{B9C9B6F8-A25A-43FB-80A1-BFA17F0ABCC1}.Release|Any CPU.ActiveCfg = Release|Any CPU
		{B9C9B6F8-A25A-43FB-80A1-BFA17F0ABCC1}.Release|Any CPU.Build.0 = Release|Any CPU
		{896D0449-3CC1-4DB7-B8FC-23335523C555}.Debug|Any CPU.ActiveCfg = Debug|Any CPU
		{896D0449-3CC1-4DB7-B8FC-23335523C555}.Debug|Any CPU.Build.0 = Debug|Any CPU
		{896D0449-3CC1-4DB7-B8FC-23335523C555}.Release|Any CPU.ActiveCfg = Release|Any CPU
		{896D0449-3CC1-4DB7-B8FC-23335523C555}.Release|Any CPU.Build.0 = Release|Any CPU
		{26DDDF9F-7067-4E43-ACA3-86A2879F76FE}.Debug|Any CPU.ActiveCfg = Debug|Any CPU
		{26DDDF9F-7067-4E43-ACA3-86A2879F76FE}.Debug|Any CPU.Build.0 = Debug|Any CPU
		{26DDDF9F-7067-4E43-ACA3-86A2879F76FE}.Release|Any CPU.ActiveCfg = Release|Any CPU
		{26DDDF9F-7067-4E43-ACA3-86A2879F76FE}.Release|Any CPU.Build.0 = Release|Any CPU
		{B02CA7F5-FB05-4A2A-9FAA-63D7D16A144C}.Debug|Any CPU.ActiveCfg = Debug|Any CPU
		{B02CA7F5-FB05-4A2A-9FAA-63D7D16A144C}.Debug|Any CPU.Build.0 = Debug|Any CPU
		{B02CA7F5-FB05-4A2A-9FAA-63D7D16A144C}.Release|Any CPU.ActiveCfg = Release|Any CPU
		{B02CA7F5-FB05-4A2A-9FAA-63D7D16A144C}.Release|Any CPU.Build.0 = Release|Any CPU
		{61F466FF-4D13-4BD2-8160-255D3703A09E}.Debug|Any CPU.ActiveCfg = Debug|Any CPU
		{61F466FF-4D13-4BD2-8160-255D3703A09E}.Debug|Any CPU.Build.0 = Debug|Any CPU
		{61F466FF-4D13-4BD2-8160-255D3703A09E}.Release|Any CPU.ActiveCfg = Release|Any CPU
		{61F466FF-4D13-4BD2-8160-255D3703A09E}.Release|Any CPU.Build.0 = Release|Any CPU
		{260C236E-2DB6-49F5-86CD-54E3C55192FD}.Debug|Any CPU.ActiveCfg = Debug|Any CPU
		{260C236E-2DB6-49F5-86CD-54E3C55192FD}.Debug|Any CPU.Build.0 = Debug|Any CPU
		{260C236E-2DB6-49F5-86CD-54E3C55192FD}.Release|Any CPU.ActiveCfg = Release|Any CPU
		{260C236E-2DB6-49F5-86CD-54E3C55192FD}.Release|Any CPU.Build.0 = Release|Any CPU
		{AA1E83CD-4905-4259-BE5E-C3DA55D67AF1}.Debug|Any CPU.ActiveCfg = Debug|Any CPU
		{AA1E83CD-4905-4259-BE5E-C3DA55D67AF1}.Debug|Any CPU.Build.0 = Debug|Any CPU
		{AA1E83CD-4905-4259-BE5E-C3DA55D67AF1}.Release|Any CPU.ActiveCfg = Release|Any CPU
		{AA1E83CD-4905-4259-BE5E-C3DA55D67AF1}.Release|Any CPU.Build.0 = Release|Any CPU
		{813E492E-3E9B-4F51-99E9-93BD8646ADDA}.Debug|Any CPU.ActiveCfg = Debug|Any CPU
		{813E492E-3E9B-4F51-99E9-93BD8646ADDA}.Debug|Any CPU.Build.0 = Debug|Any CPU
		{813E492E-3E9B-4F51-99E9-93BD8646ADDA}.Release|Any CPU.ActiveCfg = Release|Any CPU
		{813E492E-3E9B-4F51-99E9-93BD8646ADDA}.Release|Any CPU.Build.0 = Release|Any CPU
		{3823C5C5-F961-4818-BF06-CD68B8512150}.Debug|Any CPU.ActiveCfg = Debug|Any CPU
		{3823C5C5-F961-4818-BF06-CD68B8512150}.Debug|Any CPU.Build.0 = Debug|Any CPU
		{3823C5C5-F961-4818-BF06-CD68B8512150}.Release|Any CPU.ActiveCfg = Release|Any CPU
		{3823C5C5-F961-4818-BF06-CD68B8512150}.Release|Any CPU.Build.0 = Release|Any CPU
		{A4CFC9AC-225C-4CA0-BF2B-AEA61D987975}.Debug|Any CPU.ActiveCfg = Debug|Any CPU
		{A4CFC9AC-225C-4CA0-BF2B-AEA61D987975}.Debug|Any CPU.Build.0 = Debug|Any CPU
		{A4CFC9AC-225C-4CA0-BF2B-AEA61D987975}.Release|Any CPU.ActiveCfg = Release|Any CPU
		{A4CFC9AC-225C-4CA0-BF2B-AEA61D987975}.Release|Any CPU.Build.0 = Release|Any CPU
		{50BE1C8D-D14D-443D-A3FA-16918C0AC2A1}.Debug|Any CPU.ActiveCfg = Debug|Any CPU
		{50BE1C8D-D14D-443D-A3FA-16918C0AC2A1}.Debug|Any CPU.Build.0 = Debug|Any CPU
		{50BE1C8D-D14D-443D-A3FA-16918C0AC2A1}.Release|Any CPU.ActiveCfg = Release|Any CPU
		{50BE1C8D-D14D-443D-A3FA-16918C0AC2A1}.Release|Any CPU.Build.0 = Release|Any CPU
		{FB12D049-48A8-424D-B569-17CE6A998598}.Debug|Any CPU.ActiveCfg = Debug|Any CPU
		{FB12D049-48A8-424D-B569-17CE6A998598}.Debug|Any CPU.Build.0 = Debug|Any CPU
		{FB12D049-48A8-424D-B569-17CE6A998598}.Release|Any CPU.ActiveCfg = Release|Any CPU
		{FB12D049-48A8-424D-B569-17CE6A998598}.Release|Any CPU.Build.0 = Release|Any CPU
	EndGlobalSection
	GlobalSection(SolutionProperties) = preSolution
		HideSolutionNode = FALSE
	EndGlobalSection
	GlobalSection(ExtensibilityGlobals) = postSolution
		SolutionGuid = {76E0210B-B0C0-46D9-8F4B-1445249C2DE5}
	EndGlobalSection
EndGlobal
